
Microsoft Visual Studio Solution File, Format Version 12.00
# Visual Studio Version 17
VisualStudioVersion = 17.2.32519.379
MinimumVisualStudioVersion = 10.0.40219.1
Project("{9A19103F-16F7-4668-BE54-9A1E7A4F7556}") = "UserRegistration", "UserRegistration\UserRegistration.csproj", "{8D97091E-A399-47E4-8517-709D347FFE7D}"
EndProject
Project("{FAE04EC0-301F-11D3-BF4B-00C04F79EFBC}") = "UserRegistrationMSTest", "UserRegistrationMSTest\UserRegistrationMSTest.csproj", "{F68662D4-630E-4218-8027-5C57FD9E09C8}"
EndProject
Global
	GlobalSection(SolutionConfigurationPlatforms) = preSolution
		Debug|Any CPU = Debug|Any CPU
		Release|Any CPU = Release|Any CPU
	EndGlobalSection
	GlobalSection(ProjectConfigurationPlatforms) = postSolution
		{8D97091E-A399-47E4-8517-709D347FFE7D}.Debug|Any CPU.ActiveCfg = Debug|Any CPU
		{8D97091E-A399-47E4-8517-709D347FFE7D}.Debug|Any CPU.Build.0 = Debug|Any CPU
		{8D97091E-A399-47E4-8517-709D347FFE7D}.Release|Any CPU.ActiveCfg = Release|Any CPU
		{8D97091E-A399-47E4-8517-709D347FFE7D}.Release|Any CPU.Build.0 = Release|Any CPU
		{F68662D4-630E-4218-8027-5C57FD9E09C8}.Debug|Any CPU.ActiveCfg = Debug|Any CPU
		{F68662D4-630E-4218-8027-5C57FD9E09C8}.Debug|Any CPU.Build.0 = Debug|Any CPU
		{F68662D4-630E-4218-8027-5C57FD9E09C8}.Release|Any CPU.ActiveCfg = Release|Any CPU
		{F68662D4-630E-4218-8027-5C57FD9E09C8}.Release|Any CPU.Build.0 = Release|Any CPU
	EndGlobalSection
	GlobalSection(SolutionProperties) = preSolution
		HideSolutionNode = FALSE
	EndGlobalSection
	GlobalSection(ExtensibilityGlobals) = postSolution
		SolutionGuid = {D13F1BAF-388B-4FAD-9441-F9B8CF8C7FDA}
	EndGlobalSection
EndGlobal
